# @generated - this file is auto-generated by `mise lock` https://mise.jdx.dev/dev-tools/mise-lock.html

[[tools.python]]
version = "3.11"
backend = "core:python"

[[tools.python]]
version = "3.12.14"
backend = "core:python"

[[tools.python]]
version = "3.13"
backend = "core:python"

[[tools.python]]
version = "3.14"
backend = "core:python"

[[tools.rumdl]]
version = "0.2.62"
backend = "aqua:rvben/rumdl"
